
Microsoft Visual Studio Solution File, Format Version 12.00
# Visual Studio Version 17
VisualStudioVersion = 17.7.34031.279
MinimumVisualStudioVersion = 10.0.40219.1
Project("{FAE04EC0-301F-11D3-BF4B-00C04F79EFBC}") = "Hospital Management", "Hospital Management\Hospital Management.csproj", "{1FE38F13-8565-4700-B98A-EDB597C4C78F}"
EndProject
Project("{FAE04EC0-301F-11D3-BF4B-00C04F79EFBC}") = "Hospital.Models", "Hospital.Models\Hospital.Models.csproj", "{0A55CA84-DD78-4F04-9AEC-B6E4A89CE4DC}"
EndProject
Project("{FAE04EC0-301F-11D3-BF4B-00C04F79EFBC}") = "Hospital.ViewModels", "Hospital.ViewModels\Hospital.ViewModels.csproj", "{64EBAE24-8802-45B3-B9BD-739986073C86}"
EndProject
Project("{FAE04EC0-301F-11D3-BF4B-00C04F79EFBC}") = "Hospital.Repositories", "Hospital.Repositories\Hospital.Repositories.csproj", "{A17F557F-3D7C-4261-991F-FDE3F491A469}"
EndProject
Project("{FAE04EC0-301F-11D3-BF4B-00C04F79EFBC}") = "Hospital.Services", "Hospital.Services\Hospital.Services.csproj", "{516490B3-5C81-4AB9-A3DE-77E33AACA61D}"
EndProject
Project("{FAE04EC0-301F-11D3-BF4B-00C04F79EFBC}") = "Hospital.Utilities", "Hospital.Utilities\Hospital.Utilities.csproj", "{C7E9D981-49C8-4C44-A749-942FE279ECA6}"
EndProject
Global
	GlobalSection(SolutionConfigurationPlatforms) = preSolution
		Debug|Any CPU = Debug|Any CPU
		Release|Any CPU = Release|Any CPU
	EndGlobalSection
	GlobalSection(ProjectConfigurationPlatforms) = postSolution
		{1FE38F13-8565-4700-B98A-EDB597C4C78F}.Debug|Any CPU.ActiveCfg = Debug|Any CPU
		{1FE38F13-8565-4700-B98A-EDB597C4C78F}.Debug|Any CPU.Build.0 = Debug|Any CPU
		{1FE38F13-8565-4700-B98A-EDB597C4C78F}.Release|Any CPU.ActiveCfg = Release|Any CPU
		{1FE38F13-8565-4700-B98A-EDB597C4C78F}.Release|Any CPU.Build.0 = Release|Any CPU
		{0A55CA84-DD78-4F04-9AEC-B6E4A89CE4DC}.Debug|Any CPU.ActiveCfg = Debug|Any CPU
		{0A55CA84-DD78-4F04-9AEC-B6E4A89CE4DC}.Debug|Any CPU.Build.0 = Debug|Any CPU
		{0A55CA84-DD78-4F04-9AEC-B6E4A89CE4DC}.Release|Any CPU.ActiveCfg = Release|Any CPU
		{0A55CA84-DD78-4F04-9AEC-B6E4A89CE4DC}.Release|Any CPU.Build.0 = Release|Any CPU
		{64EBAE24-8802-45B3-B9BD-739986073C86}.Debug|Any CPU.ActiveCfg = Debug|Any CPU
		{64EBAE24-8802-45B3-B9BD-739986073C86}.Debug|Any CPU.Build.0 = Debug|Any CPU
		{64EBAE24-8802-45B3-B9BD-739986073C86}.Release|Any CPU.ActiveCfg = Release|Any CPU
		{64EBAE24-8802-45B3-B9BD-739986073C86}.Release|Any CPU.Build.0 = Release|Any CPU
		{A17F557F-3D7C-4261-991F-FDE3F491A469}.Debug|Any CPU.ActiveCfg = Debug|Any CPU
		{A17F557F-3D7C-4261-991F-FDE3F491A469}.Debug|Any CPU.Build.0 = Debug|Any CPU
		{A17F557F-3D7C-4261-991F-FDE3F491A469}.Release|Any CPU.ActiveCfg = Release|Any CPU
		{A17F557F-3D7C-4261-991F-FDE3F491A469}.Release|Any CPU.Build.0 = Release|Any CPU
		{516490B3-5C81-4AB9-A3DE-77E33AACA61D}.Debug|Any CPU.ActiveCfg = Debug|Any CPU
		{516490B3-5C81-4AB9-A3DE-77E33AACA61D}.Debug|Any CPU.Build.0 = Debug|Any CPU
		{516490B3-5C81-4AB9-A3DE-77E33AACA61D}.Release|Any CPU.ActiveCfg = Release|Any CPU
		{516490B3-5C81-4AB9-A3DE-77E33AACA61D}.Release|Any CPU.Build.0 = Release|Any CPU
		{C7E9D981-49C8-4C44-A749-942FE279ECA6}.Debug|Any CPU.ActiveCfg = Debug|Any CPU
		{C7E9D981-49C8-4C44-A749-942FE279ECA6}.Debug|Any CPU.Build.0 = Debug|Any CPU
		{C7E9D981-49C8-4C44-A749-942FE279ECA6}.Release|Any CPU.ActiveCfg = Release|Any CPU
		{C7E9D981-49C8-4C44-A749-942FE279ECA6}.Release|Any CPU.Build.0 = Release|Any CPU
	EndGlobalSection
	GlobalSection(SolutionProperties) = preSolution
		HideSolutionNode = FALSE
	EndGlobalSection
	GlobalSection(ExtensibilityGlobals) = postSolution
		SolutionGuid = {9892764B-C027-4782-9356-DF1DF449F820}
	EndGlobalSection
EndGlobal
